
Microsoft Visual Studio Solution File, Format Version 12.00
# Visual Studio Version 17
VisualStudioVersion = 17.0.31903.59
MinimumVisualStudioVersion = 10.0.40219.1
Project("{FAE04EC0-301F-11D3-BF4B-00C04F79EFBC}") = "Data", "Data\Data.csproj", "{DF36646C-7515-42B9-B580-9D45208B2EEC}"
EndProject
Project("{FAE04EC0-301F-11D3-BF4B-00C04F79EFBC}") = "App", "App\App.csproj", "{76CEDF85-26D6-487E-97CE-997FF0AE2BF1}"
EndProject
Global
	GlobalSection(SolutionConfigurationPlatforms) = preSolution
		Debug|Any CPU = Debug|Any CPU
		Release|Any CPU = Release|Any CPU
	EndGlobalSection
	GlobalSection(SolutionProperties) = preSolution
		HideSolutionNode = FALSE
	EndGlobalSection
	GlobalSection(ProjectConfigurationPlatforms) = postSolution
		{DF36646C-7515-42B9-B580-9D45208B2EEC}.Debug|Any CPU.ActiveCfg = Debug|Any CPU
		{DF36646C-7515-42B9-B580-9D45208B2EEC}.Debug|Any CPU.Build.0 = Debug|Any CPU
		{DF36646C-7515-42B9-B580-9D45208B2EEC}.Release|Any CPU.ActiveCfg = Release|Any CPU
		{DF36646C-7515-42B9-B580-9D45208B2EEC}.Release|Any CPU.Build.0 = Release|Any CPU
		{76CEDF85-26D6-487E-97CE-997FF0AE2BF1}.Debug|Any CPU.ActiveCfg = Debug|Any CPU
		{76CEDF85-26D6-487E-97CE-997FF0AE2BF1}.Debug|Any CPU.Build.0 = Debug|Any CPU
		{76CEDF85-26D6-487E-97CE-997FF0AE2BF1}.Release|Any CPU.ActiveCfg = Release|Any CPU
		{76CEDF85-26D6-487E-97CE-997FF0AE2BF1}.Release|Any CPU.Build.0 = Release|Any CPU
	EndGlobalSection
EndGlobal
