
Microsoft Visual Studio Solution File, Format Version 12.00
# Visual Studio Version 17
VisualStudioVersion = 17.5.002.0
MinimumVisualStudioVersion = 10.0.40219.1
Project("{9A19103F-16F7-4668-BE54-9A1E7A4F7556}") = "Cs8EfCore", "Cs8EfCore.csproj", "{21C4B8D8-C960-47A0-916E-353528CD92D1}"
EndProject
Global
	GlobalSection(SolutionConfigurationPlatforms) = preSolution
		Debug|Any CPU = Debug|Any CPU
		Release|Any CPU = Release|Any CPU
	EndGlobalSection
	GlobalSection(ProjectConfigurationPlatforms) = postSolution
		{21C4B8D8-C960-47A0-916E-353528CD92D1}.Debug|Any CPU.ActiveCfg = Debug|Any CPU
		{21C4B8D8-C960-47A0-916E-353528CD92D1}.Debug|Any CPU.Build.0 = Debug|Any CPU
		{21C4B8D8-C960-47A0-916E-353528CD92D1}.Release|Any CPU.ActiveCfg = Release|Any CPU
		{21C4B8D8-C960-47A0-916E-353528CD92D1}.Release|Any CPU.Build.0 = Release|Any CPU
	EndGlobalSection
	GlobalSection(SolutionProperties) = preSolution
		HideSolutionNode = FALSE
	EndGlobalSection
	GlobalSection(ExtensibilityGlobals) = postSolution
		SolutionGuid = {576E3EFF-3E26-4933-8FDD-E55F3D9C53C8}
	EndGlobalSection
EndGlobal
