
Microsoft Visual Studio Solution File, Format Version 12.00
# Visual Studio Version 17
VisualStudioVersion = 17.5.002.0
MinimumVisualStudioVersion = 10.0.40219.1
Project("{9A19103F-16F7-4668-BE54-9A1E7A4F7556}") = "SNMP", "SNMP.csproj", "{CBD367D0-545F-45CC-9315-594C65DA2858}"
EndProject
Global
	GlobalSection(SolutionConfigurationPlatforms) = preSolution
		Debug|Any CPU = Debug|Any CPU
		Release|Any CPU = Release|Any CPU
	EndGlobalSection
	GlobalSection(ProjectConfigurationPlatforms) = postSolution
		{CBD367D0-545F-45CC-9315-594C65DA2858}.Debug|Any CPU.ActiveCfg = Debug|Any CPU
		{CBD367D0-545F-45CC-9315-594C65DA2858}.Debug|Any CPU.Build.0 = Debug|Any CPU
		{CBD367D0-545F-45CC-9315-594C65DA2858}.Release|Any CPU.ActiveCfg = Release|Any CPU
		{CBD367D0-545F-45CC-9315-594C65DA2858}.Release|Any CPU.Build.0 = Release|Any CPU
	EndGlobalSection
	GlobalSection(SolutionProperties) = preSolution
		HideSolutionNode = FALSE
	EndGlobalSection
	GlobalSection(ExtensibilityGlobals) = postSolution
		SolutionGuid = {BC6FED6F-D80C-4ECC-BFDE-093CE3DAC198}
	EndGlobalSection
EndGlobal
