
Microsoft Visual Studio Solution File, Format Version 12.00
# Visual Studio Version 17
VisualStudioVersion = 17.0.31903.59
MinimumVisualStudioVersion = 10.0.40219.1
Project("{9A19103F-16F7-4668-BE54-9A1E7A4F7556}") = "CQRS.Domain", "CQRS.Domain\CQRS.Domain.csproj", "{19A15543-6337-405C-8CAB-7B7F87FF5F4A}"
EndProject
Project("{2150E333-8FDC-42A3-9474-1A3956D46DE8}") = "Shared", "Shared", "{0E469D9C-F32D-4D42-A882-8099B36BEB26}"
EndProject
Project("{9A19103F-16F7-4668-BE54-9A1E7A4F7556}") = "CQRS.Shared.Abstractions", "CQRS.Shared.Abstractions\CQRS.Shared.Abstractions.csproj", "{4B758A3E-99AF-4D64-AAB3-6E0CAB0317C4}"
EndProject
Project("{FAE04EC0-301F-11D3-BF4B-00C04F79EFBC}") = "CQRS.Application", "CQRS.Application\CQRS.Application.csproj", "{61C2CA7A-4C27-4690-9AA1-A2DBCCB55740}"
EndProject
Global
	GlobalSection(SolutionConfigurationPlatforms) = preSolution
		Debug|Any CPU = Debug|Any CPU
		Release|Any CPU = Release|Any CPU
	EndGlobalSection
	GlobalSection(ProjectConfigurationPlatforms) = postSolution
		{19A15543-6337-405C-8CAB-7B7F87FF5F4A}.Debug|Any CPU.ActiveCfg = Debug|Any CPU
		{19A15543-6337-405C-8CAB-7B7F87FF5F4A}.Debug|Any CPU.Build.0 = Debug|Any CPU
		{19A15543-6337-405C-8CAB-7B7F87FF5F4A}.Release|Any CPU.ActiveCfg = Release|Any CPU
		{19A15543-6337-405C-8CAB-7B7F87FF5F4A}.Release|Any CPU.Build.0 = Release|Any CPU
		{4B758A3E-99AF-4D64-AAB3-6E0CAB0317C4}.Debug|Any CPU.ActiveCfg = Debug|Any CPU
		{4B758A3E-99AF-4D64-AAB3-6E0CAB0317C4}.Debug|Any CPU.Build.0 = Debug|Any CPU
		{4B758A3E-99AF-4D64-AAB3-6E0CAB0317C4}.Release|Any CPU.ActiveCfg = Release|Any CPU
		{4B758A3E-99AF-4D64-AAB3-6E0CAB0317C4}.Release|Any CPU.Build.0 = Release|Any CPU
		{61C2CA7A-4C27-4690-9AA1-A2DBCCB55740}.Debug|Any CPU.ActiveCfg = Debug|Any CPU
		{61C2CA7A-4C27-4690-9AA1-A2DBCCB55740}.Debug|Any CPU.Build.0 = Debug|Any CPU
		{61C2CA7A-4C27-4690-9AA1-A2DBCCB55740}.Release|Any CPU.ActiveCfg = Release|Any CPU
		{61C2CA7A-4C27-4690-9AA1-A2DBCCB55740}.Release|Any CPU.Build.0 = Release|Any CPU
	EndGlobalSection
	GlobalSection(SolutionProperties) = preSolution
		HideSolutionNode = FALSE
	EndGlobalSection
	GlobalSection(NestedProjects) = preSolution
		{4B758A3E-99AF-4D64-AAB3-6E0CAB0317C4} = {0E469D9C-F32D-4D42-A882-8099B36BEB26}
	EndGlobalSection
	GlobalSection(ExtensibilityGlobals) = postSolution
		SolutionGuid = {B4B951BC-2DB9-4281-A36C-273C8717B235}
	EndGlobalSection
EndGlobal
